
Microsoft Visual Studio Solution File, Format Version 12.00
# Visual Studio Version 16
VisualStudioVersion = 16.0.31025.194
MinimumVisualStudioVersion = 10.0.40219.1
Project("{FAE04EC0-301F-11D3-BF4B-00C04F79EFBC}") = "BestQuotesBlazor", "BestQuotesBlazor\BestQuotesBlazor.csproj", "{77EA2310-E903-4F4C-B846-6CDD4562628F}"
EndProject
Global
	GlobalSection(SolutionConfigurationPlatforms) = preSolution
		Debug|Any CPU = Debug|Any CPU
		Release|Any CPU = Release|Any CPU
	EndGlobalSection
	GlobalSection(ProjectConfigurationPlatforms) = postSolution
		{77EA2310-E903-4F4C-B846-6CDD4562628F}.Debug|Any CPU.ActiveCfg = Debug|Any CPU
		{77EA2310-E903-4F4C-B846-6CDD4562628F}.Debug|Any CPU.Build.0 = Debug|Any CPU
		{77EA2310-E903-4F4C-B846-6CDD4562628F}.Release|Any CPU.ActiveCfg = Release|Any CPU
		{77EA2310-E903-4F4C-B846-6CDD4562628F}.Release|Any CPU.Build.0 = Release|Any CPU
	EndGlobalSection
	GlobalSection(SolutionProperties) = preSolution
		HideSolutionNode = FALSE
	EndGlobalSection
	GlobalSection(ExtensibilityGlobals) = postSolution
		SolutionGuid = {CC36947E-C0AA-4EAF-84B9-0DA406128BD1}
	EndGlobalSection
EndGlobal
